
Microsoft Visual Studio Solution File, Format Version 12.00
# Visual Studio 15
VisualStudioVersion = 15.0.26124.0
MinimumVisualStudioVersion = 15.0.26124.0
Project("{FAE04EC0-301F-11D3-BF4B-00C04F79EFBC}") = "Domain", "Domain\Domain.csproj", "{7DE3545D-FD8C-476A-B2FB-8C8DD2DBBB3A}"
EndProject
Project("{FAE04EC0-301F-11D3-BF4B-00C04F79EFBC}") = "API", "API\API.csproj", "{EEEF7050-7362-44A9-A463-7FBCFE0308C0}"
EndProject
Project("{FAE04EC0-301F-11D3-BF4B-00C04F79EFBC}") = "Application", "Application\Application.csproj", "{5DF5CFCE-68DE-4CF3-AC4B-344DBCB13213}"
EndProject
Project("{FAE04EC0-301F-11D3-BF4B-00C04F79EFBC}") = "Persistence", "Persistence\Persistence.csproj", "{98ECA637-67A9-4A91-982C-A12CD83A370F}"
EndProject
Global
	GlobalSection(SolutionConfigurationPlatforms) = preSolution
		Debug|Any CPU = Debug|Any CPU
		Debug|x64 = Debug|x64
		Debug|x86 = Debug|x86
		Release|Any CPU = Release|Any CPU
		Release|x64 = Release|x64
		Release|x86 = Release|x86
	EndGlobalSection
	GlobalSection(SolutionProperties) = preSolution
		HideSolutionNode = FALSE
	EndGlobalSection
	GlobalSection(ProjectConfigurationPlatforms) = postSolution
		{7DE3545D-FD8C-476A-B2FB-8C8DD2DBBB3A}.Debug|Any CPU.ActiveCfg = Debug|Any CPU
		{7DE3545D-FD8C-476A-B2FB-8C8DD2DBBB3A}.Debug|Any CPU.Build.0 = Debug|Any CPU
		{7DE3545D-FD8C-476A-B2FB-8C8DD2DBBB3A}.Debug|x64.ActiveCfg = Debug|Any CPU
		{7DE3545D-FD8C-476A-B2FB-8C8DD2DBBB3A}.Debug|x64.Build.0 = Debug|Any CPU
		{7DE3545D-FD8C-476A-B2FB-8C8DD2DBBB3A}.Debug|x86.ActiveCfg = Debug|Any CPU
		{7DE3545D-FD8C-476A-B2FB-8C8DD2DBBB3A}.Debug|x86.Build.0 = Debug|Any CPU
		{7DE3545D-FD8C-476A-B2FB-8C8DD2DBBB3A}.Release|Any CPU.ActiveCfg = Release|Any CPU
		{7DE3545D-FD8C-476A-B2FB-8C8DD2DBBB3A}.Release|Any CPU.Build.0 = Release|Any CPU
		{7DE3545D-FD8C-476A-B2FB-8C8DD2DBBB3A}.Release|x64.ActiveCfg = Release|Any CPU
		{7DE3545D-FD8C-476A-B2FB-8C8DD2DBBB3A}.Release|x64.Build.0 = Release|Any CPU
		{7DE3545D-FD8C-476A-B2FB-8C8DD2DBBB3A}.Release|x86.ActiveCfg = Release|Any CPU
		{7DE3545D-FD8C-476A-B2FB-8C8DD2DBBB3A}.Release|x86.Build.0 = Release|Any CPU
		{EEEF7050-7362-44A9-A463-7FBCFE0308C0}.Debug|Any CPU.ActiveCfg = Debug|Any CPU
		{EEEF7050-7362-44A9-A463-7FBCFE0308C0}.Debug|Any CPU.Build.0 = Debug|Any CPU
		{EEEF7050-7362-44A9-A463-7FBCFE0308C0}.Debug|x64.ActiveCfg = Debug|Any CPU
		{EEEF7050-7362-44A9-A463-7FBCFE0308C0}.Debug|x64.Build.0 = Debug|Any CPU
		{EEEF7050-7362-44A9-A463-7FBCFE0308C0}.Debug|x86.ActiveCfg = Debug|Any CPU
		{EEEF7050-7362-44A9-A463-7FBCFE0308C0}.Debug|x86.Build.0 = Debug|Any CPU
		{EEEF7050-7362-44A9-A463-7FBCFE0308C0}.Release|Any CPU.ActiveCfg = Release|Any CPU
		{EEEF7050-7362-44A9-A463-7FBCFE0308C0}.Release|Any CPU.Build.0 = Release|Any CPU
		{EEEF7050-7362-44A9-A463-7FBCFE0308C0}.Release|x64.ActiveCfg = Release|Any CPU
		{EEEF7050-7362-44A9-A463-7FBCFE0308C0}.Release|x64.Build.0 = Release|Any CPU
		{EEEF7050-7362-44A9-A463-7FBCFE0308C0}.Release|x86.ActiveCfg = Release|Any CPU
		{EEEF7050-7362-44A9-A463-7FBCFE0308C0}.Release|x86.Build.0 = Release|Any CPU
		{5DF5CFCE-68DE-4CF3-AC4B-344DBCB13213}.Debug|Any CPU.ActiveCfg = Debug|Any CPU
		{5DF5CFCE-68DE-4CF3-AC4B-344DBCB13213}.Debug|Any CPU.Build.0 = Debug|Any CPU
		{5DF5CFCE-68DE-4CF3-AC4B-344DBCB13213}.Debug|x64.ActiveCfg = Debug|Any CPU
		{5DF5CFCE-68DE-4CF3-AC4B-344DBCB13213}.Debug|x64.Build.0 = Debug|Any CPU
		{5DF5CFCE-68DE-4CF3-AC4B-344DBCB13213}.Debug|x86.ActiveCfg = Debug|Any CPU
		{5DF5CFCE-68DE-4CF3-AC4B-344DBCB13213}.Debug|x86.Build.0 = Debug|Any CPU
		{5DF5CFCE-68DE-4CF3-AC4B-344DBCB13213}.Release|Any CPU.ActiveCfg = Release|Any CPU
		{5DF5CFCE-68DE-4CF3-AC4B-344DBCB13213}.Release|Any CPU.Build.0 = Release|Any CPU
		{5DF5CFCE-68DE-4CF3-AC4B-344DBCB13213}.Release|x64.ActiveCfg = Release|Any CPU
		{5DF5CFCE-68DE-4CF3-AC4B-344DBCB13213}.Release|x64.Build.0 = Release|Any CPU
		{5DF5CFCE-68DE-4CF3-AC4B-344DBCB13213}.Release|x86.ActiveCfg = Release|Any CPU
		{5DF5CFCE-68DE-4CF3-AC4B-344DBCB13213}.Release|x86.Build.0 = Release|Any CPU
		{98ECA637-67A9-4A91-982C-A12CD83A370F}.Debug|Any CPU.ActiveCfg = Debug|Any CPU
		{98ECA637-67A9-4A91-982C-A12CD83A370F}.Debug|Any CPU.Build.0 = Debug|Any CPU
		{98ECA637-67A9-4A91-982C-A12CD83A370F}.Debug|x64.ActiveCfg = Debug|Any CPU
		{98ECA637-67A9-4A91-982C-A12CD83A370F}.Debug|x64.Build.0 = Debug|Any CPU
		{98ECA637-67A9-4A91-982C-A12CD83A370F}.Debug|x86.ActiveCfg = Debug|Any CPU
		{98ECA637-67A9-4A91-982C-A12CD83A370F}.Debug|x86.Build.0 = Debug|Any CPU
		{98ECA637-67A9-4A91-982C-A12CD83A370F}.Release|Any CPU.ActiveCfg = Release|Any CPU
		{98ECA637-67A9-4A91-982C-A12CD83A370F}.Release|Any CPU.Build.0 = Release|Any CPU
		{98ECA637-67A9-4A91-982C-A12CD83A370F}.Release|x64.ActiveCfg = Release|Any CPU
		{98ECA637-67A9-4A91-982C-A12CD83A370F}.Release|x64.Build.0 = Release|Any CPU
		{98ECA637-67A9-4A91-982C-A12CD83A370F}.Release|x86.ActiveCfg = Release|Any CPU
		{98ECA637-67A9-4A91-982C-A12CD83A370F}.Release|x86.Build.0 = Release|Any CPU
	EndGlobalSection
EndGlobal
